
Microsoft Visual Studio Solution File, Format Version 12.00
# Visual Studio Version 17
VisualStudioVersion = 17.14.36127.28 d17.14
MinimumVisualStudioVersion = 10.0.40219.1
Project("{888888A0-9F3D-457C-B088-3A5042F75D52}") = "Dynamic Model Builder", "Dynamic Model Builder\Dynamic Model Builder.pyproj", "{6607BE2D-4736-4D5D-B5A6-FA57CE890336}"
EndProject
Global
	GlobalSection(SolutionConfigurationPlatforms) = preSolution
		Debug|Any CPU = Debug|Any CPU
		Release|Any CPU = Release|Any CPU
	EndGlobalSection
	GlobalSection(ProjectConfigurationPlatforms) = postSolution
		{6607BE2D-4736-4D5D-B5A6-FA57CE890336}.Debug|Any CPU.ActiveCfg = Debug|Any CPU
		{6607BE2D-4736-4D5D-B5A6-FA57CE890336}.Release|Any CPU.ActiveCfg = Release|Any CPU
	EndGlobalSection
	GlobalSection(SolutionProperties) = preSolution
		HideSolutionNode = FALSE
	EndGlobalSection
	GlobalSection(ExtensibilityGlobals) = postSolution
		SolutionGuid = {8EF2D953-9CD5-4E92-AFC3-D7AEB24AF6C1}
	EndGlobalSection
EndGlobal
